
Microsoft Visual Studio Solution File, Format Version 12.00
# Visual Studio 15
VisualStudioVersion = 15.0.28307.438
MinimumVisualStudioVersion = 10.0.40219.1
Project("{9A19103F-16F7-4668-BE54-9A1E7A4F7556}") = "PetStore.Api", "PetStore.Api\PetStore.Api.csproj", "{365A86DA-7210-4AE5-B457-98CC592B5381}"
EndProject
Project("{9A19103F-16F7-4668-BE54-9A1E7A4F7556}") = "PetStore.Dto", "PetStore.Dto\PetStore.Dto.csproj", "{1F64200A-4B4F-4AD4-A11A-E59257FEE56C}"
EndProject
Project("{FAE04EC0-301F-11D3-BF4B-00C04F79EFBC}") = "PetStore.Api.Tests", "PetStore.Api.Tests\PetStore.Api.Tests.csproj", "{92B2AD26-4C82-41E1-A226-7546693CB129}"
EndProject
Global
	GlobalSection(SolutionConfigurationPlatforms) = preSolution
		Debug|Any CPU = Debug|Any CPU
		Release|Any CPU = Release|Any CPU
	EndGlobalSection
	GlobalSection(ProjectConfigurationPlatforms) = postSolution
		{365A86DA-7210-4AE5-B457-98CC592B5381}.Debug|Any CPU.ActiveCfg = Debug|Any CPU
		{365A86DA-7210-4AE5-B457-98CC592B5381}.Debug|Any CPU.Build.0 = Debug|Any CPU
		{365A86DA-7210-4AE5-B457-98CC592B5381}.Release|Any CPU.ActiveCfg = Release|Any CPU
		{365A86DA-7210-4AE5-B457-98CC592B5381}.Release|Any CPU.Build.0 = Release|Any CPU
		{1F64200A-4B4F-4AD4-A11A-E59257FEE56C}.Debug|Any CPU.ActiveCfg = Debug|Any CPU
		{1F64200A-4B4F-4AD4-A11A-E59257FEE56C}.Debug|Any CPU.Build.0 = Debug|Any CPU
		{1F64200A-4B4F-4AD4-A11A-E59257FEE56C}.Release|Any CPU.ActiveCfg = Release|Any CPU
		{1F64200A-4B4F-4AD4-A11A-E59257FEE56C}.Release|Any CPU.Build.0 = Release|Any CPU
		{92B2AD26-4C82-41E1-A226-7546693CB129}.Debug|Any CPU.ActiveCfg = Debug|Any CPU
		{92B2AD26-4C82-41E1-A226-7546693CB129}.Debug|Any CPU.Build.0 = Debug|Any CPU
		{92B2AD26-4C82-41E1-A226-7546693CB129}.Release|Any CPU.ActiveCfg = Release|Any CPU
		{92B2AD26-4C82-41E1-A226-7546693CB129}.Release|Any CPU.Build.0 = Release|Any CPU
	EndGlobalSection
	GlobalSection(SolutionProperties) = preSolution
		HideSolutionNode = FALSE
	EndGlobalSection
	GlobalSection(ExtensibilityGlobals) = postSolution
		SolutionGuid = {3A198559-FCDC-419B-9F29-E1D7AD8354DC}
	EndGlobalSection
EndGlobal
